
Microsoft Visual Studio Solution File, Format Version 12.00
# Visual Studio Version 16
VisualStudioVersion = 16.0.31313.79
MinimumVisualStudioVersion = 10.0.40219.1
Project("{9A19103F-16F7-4668-BE54-9A1E7A4F7556}") = "WebShoping", "WebShoping\WebShoping.csproj", "{DB699CE5-685D-45BB-B2F4-0A7A0BB8E401}"
EndProject
Project("{FAE04EC0-301F-11D3-BF4B-00C04F79EFBC}") = "WebShoping.Tests", "WebShoping.Tests\WebShoping.Tests.csproj", "{F0ACF224-DA85-41DF-ACA7-ADDBE0E8F249}"
EndProject
Global
	GlobalSection(SolutionConfigurationPlatforms) = preSolution
		Debug|Any CPU = Debug|Any CPU
		Release|Any CPU = Release|Any CPU
	EndGlobalSection
	GlobalSection(ProjectConfigurationPlatforms) = postSolution
		{DB699CE5-685D-45BB-B2F4-0A7A0BB8E401}.Debug|Any CPU.ActiveCfg = Debug|Any CPU
		{DB699CE5-685D-45BB-B2F4-0A7A0BB8E401}.Debug|Any CPU.Build.0 = Debug|Any CPU
		{DB699CE5-685D-45BB-B2F4-0A7A0BB8E401}.Release|Any CPU.ActiveCfg = Release|Any CPU
		{DB699CE5-685D-45BB-B2F4-0A7A0BB8E401}.Release|Any CPU.Build.0 = Release|Any CPU
		{F0ACF224-DA85-41DF-ACA7-ADDBE0E8F249}.Debug|Any CPU.ActiveCfg = Debug|Any CPU
		{F0ACF224-DA85-41DF-ACA7-ADDBE0E8F249}.Debug|Any CPU.Build.0 = Debug|Any CPU
		{F0ACF224-DA85-41DF-ACA7-ADDBE0E8F249}.Release|Any CPU.ActiveCfg = Release|Any CPU
		{F0ACF224-DA85-41DF-ACA7-ADDBE0E8F249}.Release|Any CPU.Build.0 = Release|Any CPU
	EndGlobalSection
	GlobalSection(SolutionProperties) = preSolution
		HideSolutionNode = FALSE
	EndGlobalSection
	GlobalSection(ExtensibilityGlobals) = postSolution
		SolutionGuid = {38D153AF-310C-4D87-8349-4527AF6AD490}
	EndGlobalSection
EndGlobal
